
Microsoft Visual Studio Solution File, Format Version 12.00
# Visual Studio Version 17
VisualStudioVersion = 17.2.32630.192
MinimumVisualStudioVersion = 10.0.40219.1
Project("{FAE04EC0-301F-11D3-BF4B-00C04F79EFBC}") = "MvcMovie", "MvcMovie\MvcMovie.csproj", "{0102565A-50A8-4FF6-88D9-D9769B97C859}"
EndProject
Global
	GlobalSection(SolutionConfigurationPlatforms) = preSolution
		Debug|Any CPU = Debug|Any CPU
		Release|Any CPU = Release|Any CPU
	EndGlobalSection
	GlobalSection(ProjectConfigurationPlatforms) = postSolution
		{0102565A-50A8-4FF6-88D9-D9769B97C859}.Debug|Any CPU.ActiveCfg = Debug|Any CPU
		{0102565A-50A8-4FF6-88D9-D9769B97C859}.Debug|Any CPU.Build.0 = Debug|Any CPU
		{0102565A-50A8-4FF6-88D9-D9769B97C859}.Release|Any CPU.ActiveCfg = Release|Any CPU
		{0102565A-50A8-4FF6-88D9-D9769B97C859}.Release|Any CPU.Build.0 = Release|Any CPU
	EndGlobalSection
	GlobalSection(SolutionProperties) = preSolution
		HideSolutionNode = FALSE
	EndGlobalSection
	GlobalSection(ExtensibilityGlobals) = postSolution
		SolutionGuid = {ABDDEDC7-C0C1-48D6-959D-135802990307}
	EndGlobalSection
EndGlobal
